{
  "version": "4",
  "specifiers": {
    "npm:@popperjs/core@^2.11.8": "2.11.8",
    "npm:@vitejs/plugin-vue@^5.1.4": "5.1.4_vite@5.4.10__sass@1.80.6_vue@3.5.12_sass@1.80.6",
    "npm:@vueuse/core@^11.2.0": "11.2.0_vue@3.5.12",
    "npm:@vueuse/integrations@^11.2.0": "11.2.0_universal-cookie@7.2.2_vue@3.5.12",
    "npm:@vueuse/shared@^11.2.0": "11.2.0_vue@3.5.12",
    "npm:bootstrap@^5.3.3": "5.3.3_@popperjs+core@2.11.8",
    "npm:pocketbase@~0.21.5": "0.21.5",
    "npm:sass@^1.80.4": "1.80.6",
    "npm:universal-cookie@^7.2.2": "7.2.2",
    "npm:vite@^5.4.10": "5.4.10_sass@1.80.6",
    "npm:vue-facing-decorator@^3.0.4": "3.0.4_vue@3.5.12",
    "npm:vue3-toastify@~0.2.3": "0.2.4_vue@3.5.12",
    "npm:vue@^3.5.12": "3.5.12"
  },
  "npm": {
    "@babel/helper-string-parser@7.25.9": {
      "integrity": "sha512-4A/SCr/2KLd5jrtOMFzaKjVtAei3+2r/NChoBNoZ3EyP/+GlhoaEGoWOZUmFmoITP7zOJyHIMm+DYRd8o3PvHA=="
    },
    "@babel/helper-validator-identifier@7.25.9": {
      "integrity": "sha512-Ed61U6XJc3CVRfkERJWDz4dJwKe7iLmmJsbOGu9wSloNSFttHV0I8g6UAgb7qnK5ly5bGLPd4oXZlxCdANBOWQ=="
    },
    "@babel/parser@7.26.2": {
      "integrity": "sha512-DWMCZH9WA4Maitz2q21SRKHo9QXZxkDsbNZoVD62gusNtNBBqDg9i7uOhASfTfIGNzW+O+r7+jAlM8dwphcJKQ==",
      "dependencies": [
        "@babel/types"
      ]
    },
    "@babel/types@7.26.0": {
      "integrity": "sha512-Z/yiTPj+lDVnF7lWeKCIJzaIkI0vYO87dMpZ4bg4TDrFe4XXLFWL1TbXU27gBP3QccxV9mZICCrnjnYlJjXHOA==",
      "dependencies": [
        "@babel/helper-string-parser",
        "@babel/helper-validator-identifier"
      ]
    },
    "@esbuild/aix-ppc64@0.21.5": {
      "integrity": "sha512-1SDgH6ZSPTlggy1yI6+Dbkiz8xzpHJEVAlF/AM1tHPLsf5STom9rwtjE4hKAF20FfXXNTFqEYXyJNWh1GiZedQ=="
    },
    "@esbuild/android-arm64@0.21.5": {
      "integrity": "sha512-c0uX9VAUBQ7dTDCjq+wdyGLowMdtR/GoC2U5IYk/7D1H1JYC0qseD7+11iMP2mRLN9RcCMRcjC4YMclCzGwS/A=="
    },
    "@esbuild/android-arm@0.21.5": {
      "integrity": "sha512-vCPvzSjpPHEi1siZdlvAlsPxXl7WbOVUBBAowWug4rJHb68Ox8KualB+1ocNvT5fjv6wpkX6o/iEpbDrf68zcg=="
    },
    "@esbuild/android-x64@0.21.5": {
      "integrity": "sha512-D7aPRUUNHRBwHxzxRvp856rjUHRFW1SdQATKXH2hqA0kAZb1hKmi02OpYRacl0TxIGz/ZmXWlbZgjwWYaCakTA=="
    },
    "@esbuild/darwin-arm64@0.21.5": {
      "integrity": "sha512-DwqXqZyuk5AiWWf3UfLiRDJ5EDd49zg6O9wclZ7kUMv2WRFr4HKjXp/5t8JZ11QbQfUS6/cRCKGwYhtNAY88kQ=="
    },
    "@esbuild/darwin-x64@0.21.5": {
      "integrity": "sha512-se/JjF8NlmKVG4kNIuyWMV/22ZaerB+qaSi5MdrXtd6R08kvs2qCN4C09miupktDitvh8jRFflwGFBQcxZRjbw=="
    },
    "@esbuild/freebsd-arm64@0.21.5": {
      "integrity": "sha512-5JcRxxRDUJLX8JXp/wcBCy3pENnCgBR9bN6JsY4OmhfUtIHe3ZW0mawA7+RDAcMLrMIZaf03NlQiX9DGyB8h4g=="
    },
    "@esbuild/freebsd-x64@0.21.5": {
      "integrity": "sha512-J95kNBj1zkbMXtHVH29bBriQygMXqoVQOQYA+ISs0/2l3T9/kj42ow2mpqerRBxDJnmkUDCaQT/dfNXWX/ZZCQ=="
    },
    "@esbuild/linux-arm64@0.21.5": {
      "integrity": "sha512-ibKvmyYzKsBeX8d8I7MH/TMfWDXBF3db4qM6sy+7re0YXya+K1cem3on9XgdT2EQGMu4hQyZhan7TeQ8XkGp4Q=="
    },
    "@esbuild/linux-arm@0.21.5": {
      "integrity": "sha512-bPb5AHZtbeNGjCKVZ9UGqGwo8EUu4cLq68E95A53KlxAPRmUyYv2D6F0uUI65XisGOL1hBP5mTronbgo+0bFcA=="
    },
    "@esbuild/linux-ia32@0.21.5": {
      "integrity": "sha512-YvjXDqLRqPDl2dvRODYmmhz4rPeVKYvppfGYKSNGdyZkA01046pLWyRKKI3ax8fbJoK5QbxblURkwK/MWY18Tg=="
    },
    "@esbuild/linux-loong64@0.21.5": {
      "integrity": "sha512-uHf1BmMG8qEvzdrzAqg2SIG/02+4/DHB6a9Kbya0XDvwDEKCoC8ZRWI5JJvNdUjtciBGFQ5PuBlpEOXQj+JQSg=="
    },
    "@esbuild/linux-mips64el@0.21.5": {
      "integrity": "sha512-IajOmO+KJK23bj52dFSNCMsz1QP1DqM6cwLUv3W1QwyxkyIWecfafnI555fvSGqEKwjMXVLokcV5ygHW5b3Jbg=="
    },
    "@esbuild/linux-ppc64@0.21.5": {
      "integrity": "sha512-1hHV/Z4OEfMwpLO8rp7CvlhBDnjsC3CttJXIhBi+5Aj5r+MBvy4egg7wCbe//hSsT+RvDAG7s81tAvpL2XAE4w=="
    },
    "@esbuild/linux-riscv64@0.21.5": {
      "integrity": "sha512-2HdXDMd9GMgTGrPWnJzP2ALSokE/0O5HhTUvWIbD3YdjME8JwvSCnNGBnTThKGEB91OZhzrJ4qIIxk/SBmyDDA=="
    },
    "@esbuild/linux-s390x@0.21.5": {
      "integrity": "sha512-zus5sxzqBJD3eXxwvjN1yQkRepANgxE9lgOW2qLnmr8ikMTphkjgXu1HR01K4FJg8h1kEEDAqDcZQtbrRnB41A=="
    },
    "@esbuild/linux-x64@0.21.5": {
      "integrity": "sha512-1rYdTpyv03iycF1+BhzrzQJCdOuAOtaqHTWJZCWvijKD2N5Xu0TtVC8/+1faWqcP9iBCWOmjmhoH94dH82BxPQ=="
    },
    "@esbuild/netbsd-x64@0.21.5": {
      "integrity": "sha512-Woi2MXzXjMULccIwMnLciyZH4nCIMpWQAs049KEeMvOcNADVxo0UBIQPfSmxB3CWKedngg7sWZdLvLczpe0tLg=="
    },
    "@esbuild/openbsd-x64@0.21.5": {
      "integrity": "sha512-HLNNw99xsvx12lFBUwoT8EVCsSvRNDVxNpjZ7bPn947b8gJPzeHWyNVhFsaerc0n3TsbOINvRP2byTZ5LKezow=="
    },
    "@esbuild/sunos-x64@0.21.5": {
      "integrity": "sha512-6+gjmFpfy0BHU5Tpptkuh8+uw3mnrvgs+dSPQXQOv3ekbordwnzTVEb4qnIvQcYXq6gzkyTnoZ9dZG+D4garKg=="
    },
    "@esbuild/win32-arm64@0.21.5": {
      "integrity": "sha512-Z0gOTd75VvXqyq7nsl93zwahcTROgqvuAcYDUr+vOv8uHhNSKROyU961kgtCD1e95IqPKSQKH7tBTslnS3tA8A=="
    },
    "@esbuild/win32-ia32@0.21.5": {
      "integrity": "sha512-SWXFF1CL2RVNMaVs+BBClwtfZSvDgtL//G/smwAc5oVK/UPu2Gu9tIaRgFmYFFKrmg3SyAjSrElf0TiJ1v8fYA=="
    },
    "@esbuild/win32-x64@0.21.5": {
      "integrity": "sha512-tQd/1efJuzPC6rCFwEvLtci/xNFcTZknmXs98FYDfGE4wP9ClFV98nyKrzJKVPMhdDnjzLhdUyMX4PsQAPjwIw=="
    },
    "@jridgewell/sourcemap-codec@1.5.0": {
      "integrity": "sha512-gv3ZRaISU3fjPAgNsriBRqGWQL6quFx04YMPW/zD8XMLsU32mhCCbfbO6KZFLjvYpCZ8zyDEgqsgf+PwPaM7GQ=="
    },
    "@parcel/watcher-android-arm64@2.5.0": {
      "integrity": "sha512-qlX4eS28bUcQCdribHkg/herLe+0A9RyYC+mm2PXpncit8z5b3nSqGVzMNR3CmtAOgRutiZ02eIJJgP/b1iEFQ=="
    },
    "@parcel/watcher-darwin-arm64@2.5.0": {
      "integrity": "sha512-hyZ3TANnzGfLpRA2s/4U1kbw2ZI4qGxaRJbBH2DCSREFfubMswheh8TeiC1sGZ3z2jUf3s37P0BBlrD3sjVTUw=="
    },
    "@parcel/watcher-darwin-x64@2.5.0": {
      "integrity": "sha512-9rhlwd78saKf18fT869/poydQK8YqlU26TMiNg7AIu7eBp9adqbJZqmdFOsbZ5cnLp5XvRo9wcFmNHgHdWaGYA=="
    },
    "@parcel/watcher-freebsd-x64@2.5.0": {
      "integrity": "sha512-syvfhZzyM8kErg3VF0xpV8dixJ+RzbUaaGaeb7uDuz0D3FK97/mZ5AJQ3XNnDsXX7KkFNtyQyFrXZzQIcN49Tw=="
    },
    "@parcel/watcher-linux-arm-glibc@2.5.0": {
      "integrity": "sha512-0VQY1K35DQET3dVYWpOaPFecqOT9dbuCfzjxoQyif1Wc574t3kOSkKevULddcR9znz1TcklCE7Ht6NIxjvTqLA=="
    },
    "@parcel/watcher-linux-arm-musl@2.5.0": {
      "integrity": "sha512-6uHywSIzz8+vi2lAzFeltnYbdHsDm3iIB57d4g5oaB9vKwjb6N6dRIgZMujw4nm5r6v9/BQH0noq6DzHrqr2pA=="
    },
    "@parcel/watcher-linux-arm64-glibc@2.5.0": {
      "integrity": "sha512-BfNjXwZKxBy4WibDb/LDCriWSKLz+jJRL3cM/DllnHH5QUyoiUNEp3GmL80ZqxeumoADfCCP19+qiYiC8gUBjA=="
    },
    "@parcel/watcher-linux-arm64-musl@2.5.0": {
      "integrity": "sha512-S1qARKOphxfiBEkwLUbHjCY9BWPdWnW9j7f7Hb2jPplu8UZ3nes7zpPOW9bkLbHRvWM0WDTsjdOTUgW0xLBN1Q=="
    },
    "@parcel/watcher-linux-x64-glibc@2.5.0": {
      "integrity": "sha512-d9AOkusyXARkFD66S6zlGXyzx5RvY+chTP9Jp0ypSTC9d4lzyRs9ovGf/80VCxjKddcUvnsGwCHWuF2EoPgWjw=="
    },
    "@parcel/watcher-linux-x64-musl@2.5.0": {
      "integrity": "sha512-iqOC+GoTDoFyk/VYSFHwjHhYrk8bljW6zOhPuhi5t9ulqiYq1togGJB5e3PwYVFFfeVgc6pbz3JdQyDoBszVaA=="
    },
    "@parcel/watcher-win32-arm64@2.5.0": {
      "integrity": "sha512-twtft1d+JRNkM5YbmexfcH/N4znDtjgysFaV9zvZmmJezQsKpkfLYJ+JFV3uygugK6AtIM2oADPkB2AdhBrNig=="
    },
    "@parcel/watcher-win32-ia32@2.5.0": {
      "integrity": "sha512-+rgpsNRKwo8A53elqbbHXdOMtY/tAtTzManTWShB5Kk54N8Q9mzNWV7tV+IbGueCbcj826MfWGU3mprWtuf1TA=="
    },
    "@parcel/watcher-win32-x64@2.5.0": {
      "integrity": "sha512-lPrxve92zEHdgeff3aiu4gDOIt4u7sJYha6wbdEZDCDUhtjTsOMiaJzG5lMY4GkWH8p0fMmO2Ppq5G5XXG+DQw=="
    },
    "@parcel/watcher@2.5.0": {
      "integrity": "sha512-i0GV1yJnm2n3Yq1qw6QrUrd/LI9bE8WEBOTtOkpCXHHdyN3TAGgqAK/DAT05z4fq2x04cARXt2pDmjWjL92iTQ==",
      "dependencies": [
        "@parcel/watcher-android-arm64",
        "@parcel/watcher-darwin-arm64",
        "@parcel/watcher-darwin-x64",
        "@parcel/watcher-freebsd-x64",
        "@parcel/watcher-linux-arm-glibc",
        "@parcel/watcher-linux-arm-musl",
        "@parcel/watcher-linux-arm64-glibc",
        "@parcel/watcher-linux-arm64-musl",
        "@parcel/watcher-linux-x64-glibc",
        "@parcel/watcher-linux-x64-musl",
        "@parcel/watcher-win32-arm64",
        "@parcel/watcher-win32-ia32",
        "@parcel/watcher-win32-x64",
        "detect-libc",
        "is-glob",
        "micromatch",
        "node-addon-api"
      ]
    },
    "@popperjs/core@2.11.8": {
      "integrity": "sha512-P1st0aksCrn9sGZhp8GMYwBnQsbvAWsZAX44oXNNvLHGqAOcoVxmjZiohstwQ7SqKnbR47akdNi+uleWD8+g6A=="
    },
    "@rollup/rollup-android-arm-eabi@4.24.4": {
      "integrity": "sha512-jfUJrFct/hTA0XDM5p/htWKoNNTbDLY0KRwEt6pyOA6k2fmk0WVwl65PdUdJZgzGEHWx+49LilkcSaumQRyNQw=="
    },
    "@rollup/rollup-android-arm64@4.24.4": {
      "integrity": "sha512-j4nrEO6nHU1nZUuCfRKoCcvh7PIywQPUCBa2UsootTHvTHIoIu2BzueInGJhhvQO/2FTRdNYpf63xsgEqH9IhA=="
    },
    "@rollup/rollup-darwin-arm64@4.24.4": {
      "integrity": "sha512-GmU/QgGtBTeraKyldC7cDVVvAJEOr3dFLKneez/n7BvX57UdhOqDsVwzU7UOnYA7AAOt+Xb26lk79PldDHgMIQ=="
    },
    "@rollup/rollup-darwin-x64@4.24.4": {
      "integrity": "sha512-N6oDBiZCBKlwYcsEPXGDE4g9RoxZLK6vT98M8111cW7VsVJFpNEqvJeIPfsCzbf0XEakPslh72X0gnlMi4Ddgg=="
    },
    "@rollup/rollup-freebsd-arm64@4.24.4": {
      "integrity": "sha512-py5oNShCCjCyjWXCZNrRGRpjWsF0ic8f4ieBNra5buQz0O/U6mMXCpC1LvrHuhJsNPgRt36tSYMidGzZiJF6mw=="
    },
    "@rollup/rollup-freebsd-x64@4.24.4": {
      "integrity": "sha512-L7VVVW9FCnTTp4i7KrmHeDsDvjB4++KOBENYtNYAiYl96jeBThFfhP6HVxL74v4SiZEVDH/1ILscR5U9S4ms4g=="
    },
    "@rollup/rollup-linux-arm-gnueabihf@4.24.4": {
      "integrity": "sha512-10ICosOwYChROdQoQo589N5idQIisxjaFE/PAnX2i0Zr84mY0k9zul1ArH0rnJ/fpgiqfu13TFZR5A5YJLOYZA=="
    },
    "@rollup/rollup-linux-arm-musleabihf@4.24.4": {
      "integrity": "sha512-ySAfWs69LYC7QhRDZNKqNhz2UKN8LDfbKSMAEtoEI0jitwfAG2iZwVqGACJT+kfYvvz3/JgsLlcBP+WWoKCLcw=="
    },
    "@rollup/rollup-linux-arm64-gnu@4.24.4": {
      "integrity": "sha512-uHYJ0HNOI6pGEeZ/5mgm5arNVTI0nLlmrbdph+pGXpC9tFHFDQmDMOEqkmUObRfosJqpU8RliYoGz06qSdtcjg=="
    },
    "@rollup/rollup-linux-arm64-musl@4.24.4": {
      "integrity": "sha512-38yiWLemQf7aLHDgTg85fh3hW9stJ0Muk7+s6tIkSUOMmi4Xbv5pH/5Bofnsb6spIwD5FJiR+jg71f0CH5OzoA=="
    },
    "@rollup/rollup-linux-powerpc64le-gnu@4.24.4": {
      "integrity": "sha512-q73XUPnkwt9ZNF2xRS4fvneSuaHw2BXuV5rI4cw0fWYVIWIBeDZX7c7FWhFQPNTnE24172K30I+dViWRVD9TwA=="
    },
    "@rollup/rollup-linux-riscv64-gnu@4.24.4": {
      "integrity": "sha512-Aie/TbmQi6UXokJqDZdmTJuZBCU3QBDA8oTKRGtd4ABi/nHgXICulfg1KI6n9/koDsiDbvHAiQO3YAUNa/7BCw=="
    },
    "@rollup/rollup-linux-s390x-gnu@4.24.4": {
      "integrity": "sha512-P8MPErVO/y8ohWSP9JY7lLQ8+YMHfTI4bAdtCi3pC2hTeqFJco2jYspzOzTUB8hwUWIIu1xwOrJE11nP+0JFAQ=="
    },
    "@rollup/rollup-linux-x64-gnu@4.24.4": {
      "integrity": "sha512-K03TljaaoPK5FOyNMZAAEmhlyO49LaE4qCsr0lYHUKyb6QacTNF9pnfPpXnFlFD3TXuFbFbz7tJ51FujUXkXYA=="
    },
    "@rollup/rollup-linux-x64-musl@4.24.4": {
      "integrity": "sha512-VJYl4xSl/wqG2D5xTYncVWW+26ICV4wubwN9Gs5NrqhJtayikwCXzPL8GDsLnaLU3WwhQ8W02IinYSFJfyo34Q=="
    },
    "@rollup/rollup-win32-arm64-msvc@4.24.4": {
      "integrity": "sha512-ku2GvtPwQfCqoPFIJCqZ8o7bJcj+Y54cZSr43hHca6jLwAiCbZdBUOrqE6y29QFajNAzzpIOwsckaTFmN6/8TA=="
    },
    "@rollup/rollup-win32-ia32-msvc@4.24.4": {
      "integrity": "sha512-V3nCe+eTt/W6UYNr/wGvO1fLpHUrnlirlypZfKCT1fG6hWfqhPgQV/K/mRBXBpxc0eKLIF18pIOFVPh0mqHjlg=="
    },
    "@rollup/rollup-win32-x64-msvc@4.24.4": {
      "integrity": "sha512-LTw1Dfd0mBIEqUVCxbvTE/LLo+9ZxVC9k99v1v4ahg9Aak6FpqOfNu5kRkeTAn0wphoC4JU7No1/rL+bBCEwhg=="
    },
    "@types/cookie@0.6.0": {
      "integrity": "sha512-4Kh9a6B2bQciAhf7FSuMRRkUWecJgJu9nPnx3yzpsfXX/c50REIqpHY4C82bXP90qrLtXtkDxTZosYO3UpOwlA=="
    },
    "@types/estree@1.0.6": {
      "integrity": "sha512-AYnb1nQyY49te+VRAVgmzfcgjYS91mY5P0TKUDCLEM+gNnA+3T6rWITXRLYCpahpqSQbN5cE+gHpnPyXjHWxcw=="
    },
    "@types/web-bluetooth@0.0.20": {
      "integrity": "sha512-g9gZnnXVq7gM7v3tJCWV/qw7w+KeOlSHAhgF9RytFyifW6AF61hdT2ucrYhPq9hLs5JIryeupHV3qGk95dH9ow=="
    },
    "@vitejs/plugin-vue@5.1.4_vite@5.4.10__sass@1.80.6_vue@3.5.12_sass@1.80.6": {
      "integrity": "sha512-N2XSI2n3sQqp5w7Y/AN/L2XDjBIRGqXko+eDp42sydYSBeJuSm5a1sLf8zakmo8u7tA8NmBgoDLA1HeOESjp9A==",
      "dependencies": [
        "vite",
        "vue"
      ]
    },
    "@vue/compiler-core@3.5.12": {
      "integrity": "sha512-ISyBTRMmMYagUxhcpyEH0hpXRd/KqDU4ymofPgl2XAkY9ZhQ+h0ovEZJIiPop13UmR/54oA2cgMDjgroRelaEw==",
      "dependencies": [
        "@babel/parser",
        "@vue/shared",
        "entities",
        "estree-walker",
        "source-map-js"
      ]
    },
    "@vue/compiler-dom@3.5.12": {
      "integrity": "sha512-9G6PbJ03uwxLHKQ3P42cMTi85lDRvGLB2rSGOiQqtXELat6uI4n8cNz9yjfVHRPIu+MsK6TE418Giruvgptckg==",
      "dependencies": [
        "@vue/compiler-core",
        "@vue/shared"
      ]
    },
    "@vue/compiler-sfc@3.5.12": {
      "integrity": "sha512-2k973OGo2JuAa5+ZlekuQJtitI5CgLMOwgl94BzMCsKZCX/xiqzJYzapl4opFogKHqwJk34vfsaKpfEhd1k5nw==",
      "dependencies": [
        "@babel/parser",
        "@vue/compiler-core",
        "@vue/compiler-dom",
        "@vue/compiler-ssr",
        "@vue/shared",
        "estree-walker",
        "magic-string",
        "postcss",
        "source-map-js"
      ]
    },
    "@vue/compiler-ssr@3.5.12": {
      "integrity": "sha512-eLwc7v6bfGBSM7wZOGPmRavSWzNFF6+PdRhE+VFJhNCgHiF8AM7ccoqcv5kBXA2eWUfigD7byekvf/JsOfKvPA==",
      "dependencies": [
        "@vue/compiler-dom",
        "@vue/shared"
      ]
    },
    "@vue/reactivity@3.5.12": {
      "integrity": "sha512-UzaN3Da7xnJXdz4Okb/BGbAaomRHc3RdoWqTzlvd9+WBR5m3J39J1fGcHes7U3za0ruYn/iYy/a1euhMEHvTAg==",
      "dependencies": [
        "@vue/shared"
      ]
    },
    "@vue/runtime-core@3.5.12": {
      "integrity": "sha512-hrMUYV6tpocr3TL3Ad8DqxOdpDe4zuQY4HPY3X/VRh+L2myQO8MFXPAMarIOSGNu0bFAjh1yBkMPXZBqCk62Uw==",
      "dependencies": [
        "@vue/reactivity",
        "@vue/shared"
      ]
    },
    "@vue/runtime-dom@3.5.12": {
      "integrity": "sha512-q8VFxR9A2MRfBr6/55Q3umyoN7ya836FzRXajPB6/Vvuv0zOPL+qltd9rIMzG/DbRLAIlREmnLsplEF/kotXKA==",
      "dependencies": [
        "@vue/reactivity",
        "@vue/runtime-core",
        "@vue/shared",
        "csstype"
      ]
    },
    "@vue/server-renderer@3.5.12_vue@3.5.12": {
      "integrity": "sha512-I3QoeDDeEPZm8yR28JtY+rk880Oqmj43hreIBVTicisFTx/Dl7JpG72g/X7YF8hnQD3IFhkky5i2bPonwrTVPg==",
      "dependencies": [
        "@vue/compiler-ssr",
        "@vue/shared",
        "vue"
      ]
    },
    "@vue/shared@3.5.12": {
      "integrity": "sha512-L2RPSAwUFbgZH20etwrXyVyCBu9OxRSi8T/38QsvnkJyvq2LufW2lDCOzm7t/U9C1mkhJGWYfCuFBCmIuNivrg=="
    },
    "@vueuse/core@11.2.0_vue@3.5.12": {
      "integrity": "sha512-JIUwRcOqOWzcdu1dGlfW04kaJhW3EXnnjJJfLTtddJanymTL7lF1C0+dVVZ/siLfc73mWn+cGP1PE1PKPruRSA==",
      "dependencies": [
        "@types/web-bluetooth",
        "@vueuse/metadata",
        "@vueuse/shared",
        "vue-demi"
      ]
    },
    "@vueuse/integrations@11.2.0_universal-cookie@7.2.2_vue@3.5.12": {
      "integrity": "sha512-zGXz3dsxNHKwiD9jPMvR3DAxQEOV6VWIEYTGVSB9PNpk4pTWR+pXrHz9gvXWcP2sTk3W2oqqS6KwWDdntUvNVA==",
      "dependencies": [
        "@vueuse/core",
        "@vueuse/shared",
        "universal-cookie",
        "vue-demi"
      ]
    },
    "@vueuse/metadata@11.2.0": {
      "integrity": "sha512-L0ZmtRmNx+ZW95DmrgD6vn484gSpVeRbgpWevFKXwqqQxW9hnSi2Ppuh2BzMjnbv4aJRiIw8tQatXT9uOB23dQ=="
    },
    "@vueuse/shared@11.2.0_vue@3.5.12": {
      "integrity": "sha512-VxFjie0EanOudYSgMErxXfq6fo8vhr5ICI+BuE3I9FnX7ePllEsVrRQ7O6Q1TLgApeLuPKcHQxAXpP+KnlrJsg==",
      "dependencies": [
        "vue-demi"
      ]
    },
    "bootstrap@5.3.3_@popperjs+core@2.11.8": {
      "integrity": "sha512-8HLCdWgyoMguSO9o+aH+iuZ+aht+mzW0u3HIMzVu7Srrpv7EBBxTnrFlSCskwdY1+EOFQSm7uMJhNQHkdPcmjg==",
      "dependencies": [
        "@popperjs/core"
      ]
    },
    "braces@3.0.3": {
      "integrity": "sha512-yQbXgO/OSZVD2IsiLlro+7Hf6Q18EJrKSEsdoMzKePKXct3gvD8oLcOQdIzGupr5Fj+EDe8gO/lxc1BzfMpxvA==",
      "dependencies": [
        "fill-range"
      ]
    },
    "chokidar@4.0.1": {
      "integrity": "sha512-n8enUVCED/KVRQlab1hr3MVpcVMvxtZjmEa956u+4YijlmQED223XMSYj2tLuKvr4jcCTzNNMpQDUer72MMmzA==",
      "dependencies": [
        "readdirp"
      ]
    },
    "cookie@0.7.2": {
      "integrity": "sha512-yki5XnKuf750l50uGTllt6kKILY4nQ1eNIQatoXEByZ5dWgnKqbnqmTrBE5B4N7lrMJKQ2ytWMiTO2o0v6Ew/w=="
    },
    "csstype@3.1.3": {
      "integrity": "sha512-M1uQkMl8rQK/szD0LNhtqxIPLpimGm8sOBwU7lLnCpSbTyY3yeU1Vc7l4KT5zT4s/yOxHH5O7tIuuLOCnLADRw=="
    },
    "detect-libc@1.0.3": {
      "integrity": "sha512-pGjwhsmsp4kL2RTz08wcOlGN83otlqHeD/Z5T8GXZB+/YcpQ/dgo+lbU8ZsGxV0HIvqqxo9l7mqYwyYMD9bKDg=="
    },
    "entities@4.5.0": {
      "integrity": "sha512-V0hjH4dGPh9Ao5p0MoRY6BVqtwCjhz6vI5LT8AJ55H+4g9/4vbHx1I54fS0XuclLhDHArPQCiMjDxjaL8fPxhw=="
    },
    "esbuild@0.21.5": {
      "integrity": "sha512-mg3OPMV4hXywwpoDxu3Qda5xCKQi+vCTZq8S9J/EpkhB2HzKXq4SNFZE3+NK93JYxc8VMSep+lOUSC/RVKaBqw==",
      "dependencies": [
        "@esbuild/aix-ppc64",
        "@esbuild/android-arm",
        "@esbuild/android-arm64",
        "@esbuild/android-x64",
        "@esbuild/darwin-arm64",
        "@esbuild/darwin-x64",
        "@esbuild/freebsd-arm64",
        "@esbuild/freebsd-x64",
        "@esbuild/linux-arm",
        "@esbuild/linux-arm64",
        "@esbuild/linux-ia32",
        "@esbuild/linux-loong64",
        "@esbuild/linux-mips64el",
        "@esbuild/linux-ppc64",
        "@esbuild/linux-riscv64",
        "@esbuild/linux-s390x",
        "@esbuild/linux-x64",
        "@esbuild/netbsd-x64",
        "@esbuild/openbsd-x64",
        "@esbuild/sunos-x64",
        "@esbuild/win32-arm64",
        "@esbuild/win32-ia32",
        "@esbuild/win32-x64"
      ]
    },
    "estree-walker@2.0.2": {
      "integrity": "sha512-Rfkk/Mp/DL7JVje3u18FxFujQlTNR2q6QfMSMB7AvCBx91NGj/ba3kCfza0f6dVDbw7YlRf/nDrn7pQrCCyQ/w=="
    },
    "fill-range@7.1.1": {
      "integrity": "sha512-YsGpe3WHLK8ZYi4tWDg2Jy3ebRz2rXowDxnld4bkQB00cc/1Zw9AWnC0i9ztDJitivtQvaI9KaLyKrc+hBW0yg==",
      "dependencies": [
        "to-regex-range"
      ]
    },
    "fsevents@2.3.3": {
      "integrity": "sha512-5xoDfX+fL7faATnagmWPpbFtwh/R77WmMMqqHGS65C3vvB0YHrgF+B1YmZ3441tMj5n63k0212XNoJwzlhffQw=="
    },
    "immutable@4.3.7": {
      "integrity": "sha512-1hqclzwYwjRDFLjcFxOM5AYkkG0rpFPpr1RLPMEuGczoS7YA8gLhy8SWXYRAA/XwfEHpfo3cw5JGioS32fnMRw=="
    },
    "is-extglob@2.1.1": {
      "integrity": "sha512-SbKbANkN603Vi4jEZv49LeVJMn4yGwsbzZworEoyEiutsN3nJYdbO36zfhGJ6QEDpOZIFkDtnq5JRxmvl3jsoQ=="
    },
    "is-glob@4.0.3": {
      "integrity": "sha512-xelSayHH36ZgE7ZWhli7pW34hNbNl8Ojv5KVmkJD4hBdD3th8Tfk9vYasLM+mXWOZhFkgZfxhLSnrwRr4elSSg==",
      "dependencies": [
        "is-extglob"
      ]
    },
    "is-number@7.0.0": {
      "integrity": "sha512-41Cifkg6e8TylSpdtTpeLVMqvSBEVzTttHvERD741+pnZ8ANv0004MRL43QKPDlK9cGvNp6NZWZUBlbGXYxxng=="
    },
    "magic-string@0.30.12": {
      "integrity": "sha512-Ea8I3sQMVXr8JhN4z+H/d8zwo+tYDgHE9+5G4Wnrwhs0gaK9fXTKx0Tw5Xwsd/bCPTTZNRAdpyzvoeORe9LYpw==",
      "dependencies": [
        "@jridgewell/sourcemap-codec"
      ]
    },
    "micromatch@4.0.8": {
      "integrity": "sha512-PXwfBhYu0hBCPw8Dn0E+WDYb7af3dSLVWKi3HGv84IdF4TyFoC0ysxFd0Goxw7nSv4T/PzEJQxsYsEiFCKo2BA==",
      "dependencies": [
        "braces",
        "picomatch"
      ]
    },
    "nanoid@3.3.7": {
      "integrity": "sha512-eSRppjcPIatRIMC1U6UngP8XFcz8MQWGQdt1MTBQ7NaAmvXDfvNxbvWV3x2y6CdEUciCSsDHDQZbhYaB8QEo2g=="
    },
    "node-addon-api@7.1.1": {
      "integrity": "sha512-5m3bsyrjFWE1xf7nz7YXdN4udnVtXK6/Yfgn5qnahL6bCkf2yKt4k3nuTKAtT4r3IG8JNR2ncsIMdZuAzJjHQQ=="
    },
    "picocolors@1.1.1": {
      "integrity": "sha512-xceH2snhtb5M9liqDsmEw56le376mTZkEX/jEb/RxNFyegNul7eNslCXP9FDj/Lcu0X8KEyMceP2ntpaHrDEVA=="
    },
    "picomatch@2.3.1": {
      "integrity": "sha512-JU3teHTNjmE2VCGFzuY8EXzCDVwEqB2a8fsIvwaStHhAWJEeVd1o1QD80CU6+ZdEXXSLbSsuLwJjkCBWqRQUVA=="
    },
    "pocketbase@0.21.5": {
      "integrity": "sha512-bnI/uinnQps+ElSlzxkc4yvwuSFfKcoszDtXH/4QT2FhGq2mJVUvDlxn+rjRXVntUjPfmMG5LEPZ1eGqV6ssog=="
    },
    "postcss@8.4.47": {
      "integrity": "sha512-56rxCq7G/XfB4EkXq9Egn5GCqugWvDFjafDOThIdMBsI15iqPqR5r15TfSr1YPYeEI19YeaXMCbY6u88Y76GLQ==",
      "dependencies": [
        "nanoid",
        "picocolors",
        "source-map-js"
      ]
    },
    "readdirp@4.0.2": {
      "integrity": "sha512-yDMz9g+VaZkqBYS/ozoBJwaBhTbZo3UNYQHNRw1D3UFQB8oHB4uS/tAODO+ZLjGWmUbKnIlOWO+aaIiAxrUWHA=="
    },
    "rollup@4.24.4": {
      "integrity": "sha512-vGorVWIsWfX3xbcyAS+I047kFKapHYivmkaT63Smj77XwvLSJos6M1xGqZnBPFQFBRZDOcG1QnYEIxAvTr/HjA==",
      "dependencies": [
        "@rollup/rollup-android-arm-eabi",
        "@rollup/rollup-android-arm64",
        "@rollup/rollup-darwin-arm64",
        "@rollup/rollup-darwin-x64",
        "@rollup/rollup-freebsd-arm64",
        "@rollup/rollup-freebsd-x64",
        "@rollup/rollup-linux-arm-gnueabihf",
        "@rollup/rollup-linux-arm-musleabihf",
        "@rollup/rollup-linux-arm64-gnu",
        "@rollup/rollup-linux-arm64-musl",
        "@rollup/rollup-linux-powerpc64le-gnu",
        "@rollup/rollup-linux-riscv64-gnu",
        "@rollup/rollup-linux-s390x-gnu",
        "@rollup/rollup-linux-x64-gnu",
        "@rollup/rollup-linux-x64-musl",
        "@rollup/rollup-win32-arm64-msvc",
        "@rollup/rollup-win32-ia32-msvc",
        "@rollup/rollup-win32-x64-msvc",
        "@types/estree",
        "fsevents"
      ]
    },
    "sass@1.80.6": {
      "integrity": "sha512-ccZgdHNiBF1NHBsWvacvT5rju3y1d/Eu+8Ex6c21nHp2lZGLBEtuwc415QfiI1PJa1TpCo3iXwwSRjRpn2Ckjg==",
      "dependencies": [
        "@parcel/watcher",
        "chokidar",
        "immutable",
        "source-map-js"
      ]
    },
    "source-map-js@1.2.1": {
      "integrity": "sha512-UXWMKhLOwVKb728IUtQPXxfYU+usdybtUrK/8uGE8CQMvrhOpwvzDBwj0QhSL7MQc7vIsISBG8VQ8+IDQxpfQA=="
    },
    "to-regex-range@5.0.1": {
      "integrity": "sha512-65P7iz6X5yEr1cwcgvQxbbIw7Uk3gOy5dIdtZ4rDveLqhrdJP+Li/Hx6tyK0NEb+2GCyneCMJiGqrADCSNk8sQ==",
      "dependencies": [
        "is-number"
      ]
    },
    "universal-cookie@7.2.2": {
      "integrity": "sha512-fMiOcS3TmzP2x5QV26pIH3mvhexLIT0HmPa3V7Q7knRfT9HG6kTwq02HZGLPw0sAOXrAmotElGRvTLCMbJsvxQ==",
      "dependencies": [
        "@types/cookie",
        "cookie"
      ]
    },
    "vite@5.4.10_sass@1.80.6": {
      "integrity": "sha512-1hvaPshuPUtxeQ0hsVH3Mud0ZanOLwVTneA1EgbAM5LhaZEqyPWGRQ7BtaMvUrTDeEaC8pxtj6a6jku3x4z6SQ==",
      "dependencies": [
        "esbuild",
        "fsevents",
        "postcss",
        "rollup",
        "sass"
      ]
    },
    "vue-demi@0.14.10_vue@3.5.12": {
      "integrity": "sha512-nMZBOwuzabUO0nLgIcc6rycZEebF6eeUfaiQx9+WSk8e29IbLvPU9feI6tqW4kTo3hvoYAJkMh8n8D0fuISphg==",
      "dependencies": [
        "vue"
      ]
    },
    "vue-facing-decorator@3.0.4_vue@3.5.12": {
      "integrity": "sha512-Lk90PevJllB6qRRdLvLFjATZrv00nof1Ob6afavKL7Pc7V3eEin3vhdvEDRORdWKVvNoXhJbHejngWVuT0Pt0g==",
      "dependencies": [
        "vue"
      ]
    },
    "vue3-toastify@0.2.4_vue@3.5.12": {
      "integrity": "sha512-BMOwmoT0HKPYs2mEfsehitS3Kz8YjdsSAgHABba+eT573XLgzdHSOerdZ2KvPB1ldbTqnJ6AIfTM8TmBxg+Clw==",
      "dependencies": [
        "vue"
      ]
    },
    "vue@3.5.12": {
      "integrity": "sha512-CLVZtXtn2ItBIi/zHZ0Sg1Xkb7+PU32bJJ8Bmy7ts3jxXTcbfsEfBivFYYWz1Hur+lalqGAh65Coin0r+HRUfg==",
      "dependencies": [
        "@vue/compiler-dom",
        "@vue/compiler-sfc",
        "@vue/runtime-dom",
        "@vue/server-renderer",
        "@vue/shared"
      ]
    }
  },
  "workspace": {
    "packageJson": {
      "dependencies": [
        "npm:@popperjs/core@^2.11.8",
        "npm:@vitejs/plugin-vue@^5.1.4",
        "npm:@vueuse/core@^11.2.0",
        "npm:@vueuse/integrations@^11.2.0",
        "npm:@vueuse/shared@^11.2.0",
        "npm:bootstrap@^5.3.3",
        "npm:pocketbase@~0.21.5",
        "npm:sass@^1.80.4",
        "npm:universal-cookie@^7.2.2",
        "npm:vite@^5.4.10",
        "npm:vue-facing-decorator@^3.0.4",
        "npm:vue3-toastify@~0.2.3",
        "npm:vue@^3.5.12"
      ]
    }
  }
}
